
Microsoft Visual Studio Solution File, Format Version 12.00
# Visual Studio 15
VisualStudioVersion = 15.0.28307.705
MinimumVisualStudioVersion = 10.0.40219.1
Project("{FAE04EC0-301F-11D3-BF4B-00C04F79EFBC}") = "ThreadTask", "Testing\ThreadTask.csproj", "{B61CBA86-55D7-449E-A29E-59C3DD0BB779}"
EndProject
Project("{FAE04EC0-301F-11D3-BF4B-00C04F79EFBC}") = "CovarianceAndContravarianceSample", "CovarianceAndContravarianceSample\CovarianceAndContravarianceSample.csproj", "{FC143766-CF45-4106-A428-500FA635C880}"
EndProject
Project("{FAE04EC0-301F-11D3-BF4B-00C04F79EFBC}") = "Enums", "Enums\Enums.csproj", "{02FE0231-8D9B-4976-8BB9-0E69B225F38B}"
EndProject
Project("{FAE04EC0-301F-11D3-BF4B-00C04F79EFBC}") = "LambdaExpressionsAndAnonymousMethods", "LambdaExpressionsAndAnonymousMethods\LambdaExpressionsAndAnonymousMethods.csproj", "{D775F437-2F85-4EDA-9003-51FFC9AC641B}"
EndProject
Global
	GlobalSection(SolutionConfigurationPlatforms) = preSolution
		Debug|Any CPU = Debug|Any CPU
		Release|Any CPU = Release|Any CPU
	EndGlobalSection
	GlobalSection(ProjectConfigurationPlatforms) = postSolution
		{B61CBA86-55D7-449E-A29E-59C3DD0BB779}.Debug|Any CPU.ActiveCfg = Debug|Any CPU
		{B61CBA86-55D7-449E-A29E-59C3DD0BB779}.Debug|Any CPU.Build.0 = Debug|Any CPU
		{B61CBA86-55D7-449E-A29E-59C3DD0BB779}.Release|Any CPU.ActiveCfg = Release|Any CPU
		{B61CBA86-55D7-449E-A29E-59C3DD0BB779}.Release|Any CPU.Build.0 = Release|Any CPU
		{FC143766-CF45-4106-A428-500FA635C880}.Debug|Any CPU.ActiveCfg = Debug|Any CPU
		{FC143766-CF45-4106-A428-500FA635C880}.Debug|Any CPU.Build.0 = Debug|Any CPU
		{FC143766-CF45-4106-A428-500FA635C880}.Release|Any CPU.ActiveCfg = Release|Any CPU
		{FC143766-CF45-4106-A428-500FA635C880}.Release|Any CPU.Build.0 = Release|Any CPU
		{02FE0231-8D9B-4976-8BB9-0E69B225F38B}.Debug|Any CPU.ActiveCfg = Debug|Any CPU
		{02FE0231-8D9B-4976-8BB9-0E69B225F38B}.Debug|Any CPU.Build.0 = Debug|Any CPU
		{02FE0231-8D9B-4976-8BB9-0E69B225F38B}.Release|Any CPU.ActiveCfg = Release|Any CPU
		{02FE0231-8D9B-4976-8BB9-0E69B225F38B}.Release|Any CPU.Build.0 = Release|Any CPU
		{D775F437-2F85-4EDA-9003-51FFC9AC641B}.Debug|Any CPU.ActiveCfg = Debug|Any CPU
		{D775F437-2F85-4EDA-9003-51FFC9AC641B}.Debug|Any CPU.Build.0 = Debug|Any CPU
		{D775F437-2F85-4EDA-9003-51FFC9AC641B}.Release|Any CPU.ActiveCfg = Release|Any CPU
		{D775F437-2F85-4EDA-9003-51FFC9AC641B}.Release|Any CPU.Build.0 = Release|Any CPU
	EndGlobalSection
	GlobalSection(SolutionProperties) = preSolution
		HideSolutionNode = FALSE
	EndGlobalSection
	GlobalSection(ExtensibilityGlobals) = postSolution
		SolutionGuid = {3E656588-6482-4421-B8FD-9DF699738D7C}
	EndGlobalSection
EndGlobal
